
Microsoft Visual Studio Solution File, Format Version 12.00
# Visual Studio Version 17
VisualStudioVersion = 17.1.32414.318
MinimumVisualStudioVersion = 10.0.40219.1
Project("{FAE04EC0-301F-11D3-BF4B-00C04F79EFBC}") = "Api", "Api\Api.csproj", "{14D085D1-F5E2-4283-AB49-34D9780C7562}"
EndProject
Project("{00D1A9C2-B5F0-4AF3-8072-F6C62B433612}") = "SqlServer", "SqlServer\SqlServer.sqlproj", "{EEDFA57B-C25A-4C35-BBF2-6C61B71844C0}"
EndProject
Global
	GlobalSection(SolutionConfigurationPlatforms) = preSolution
		Debug|Any CPU = Debug|Any CPU
		Release|Any CPU = Release|Any CPU
	EndGlobalSection
	GlobalSection(ProjectConfigurationPlatforms) = postSolution
		{14D085D1-F5E2-4283-AB49-34D9780C7562}.Debug|Any CPU.ActiveCfg = Debug|Any CPU
		{14D085D1-F5E2-4283-AB49-34D9780C7562}.Debug|Any CPU.Build.0 = Debug|Any CPU
		{14D085D1-F5E2-4283-AB49-34D9780C7562}.Release|Any CPU.ActiveCfg = Release|Any CPU
		{14D085D1-F5E2-4283-AB49-34D9780C7562}.Release|Any CPU.Build.0 = Release|Any CPU
		{EEDFA57B-C25A-4C35-BBF2-6C61B71844C0}.Debug|Any CPU.ActiveCfg = Debug|Any CPU
		{EEDFA57B-C25A-4C35-BBF2-6C61B71844C0}.Debug|Any CPU.Build.0 = Debug|Any CPU
		{EEDFA57B-C25A-4C35-BBF2-6C61B71844C0}.Debug|Any CPU.Deploy.0 = Debug|Any CPU
		{EEDFA57B-C25A-4C35-BBF2-6C61B71844C0}.Release|Any CPU.ActiveCfg = Release|Any CPU
		{EEDFA57B-C25A-4C35-BBF2-6C61B71844C0}.Release|Any CPU.Build.0 = Release|Any CPU
		{EEDFA57B-C25A-4C35-BBF2-6C61B71844C0}.Release|Any CPU.Deploy.0 = Release|Any CPU
	EndGlobalSection
	GlobalSection(SolutionProperties) = preSolution
		HideSolutionNode = FALSE
	EndGlobalSection
	GlobalSection(ExtensibilityGlobals) = postSolution
		SolutionGuid = {1965B0C4-6669-4C3A-BDDE-3C9A78D4B482}
	EndGlobalSection
EndGlobal
